
Microsoft Visual Studio Solution File, Format Version 12.00
# Visual Studio 2013
VisualStudioVersion = 12.0.40629.0
MinimumVisualStudioVersion = 10.0.40219.1
Project("{FAE04EC0-301F-11D3-BF4B-00C04F79EFBC}") = "ProjectManagment", "ProjectManagment\ProjectManagment.csproj", "{99F31668-E70C-4370-98ED-FFDFDFDEF83D}"
EndProject
Project("{FAE04EC0-301F-11D3-BF4B-00C04F79EFBC}") = "PipeLine", "PipeLine\PipeLine.csproj", "{7B806775-EA6C-4847-B76B-9509D3903863}"
EndProject
Project("{FAE04EC0-301F-11D3-BF4B-00C04F79EFBC}") = "CMS", "CMS\CMS.csproj", "{F62E66BF-638E-4DE5-911D-E6BD9CB1653B}"
EndProject
Project("{FAE04EC0-301F-11D3-BF4B-00C04F79EFBC}") = "Storage", "Storage\Storage.csproj", "{A276A75F-4B0D-457C-B779-737D53826048}"
EndProject
Project("{FAE04EC0-301F-11D3-BF4B-00C04F79EFBC}") = "Utilities", "Utilities\Utilities.csproj", "{BD781A60-7D63-407B-AE75-3E2DEAC76D01}"
EndProject
Global
	GlobalSection(SolutionConfigurationPlatforms) = preSolution
		Debug|Any CPU = Debug|Any CPU
		Release|Any CPU = Release|Any CPU
	EndGlobalSection
	GlobalSection(ProjectConfigurationPlatforms) = postSolution
		{99F31668-E70C-4370-98ED-FFDFDFDEF83D}.Debug|Any CPU.ActiveCfg = Debug|Any CPU
		{99F31668-E70C-4370-98ED-FFDFDFDEF83D}.Debug|Any CPU.Build.0 = Debug|Any CPU
		{99F31668-E70C-4370-98ED-FFDFDFDEF83D}.Release|Any CPU.ActiveCfg = Release|Any CPU
		{99F31668-E70C-4370-98ED-FFDFDFDEF83D}.Release|Any CPU.Build.0 = Release|Any CPU
		{7B806775-EA6C-4847-B76B-9509D3903863}.Debug|Any CPU.ActiveCfg = Debug|Any CPU
		{7B806775-EA6C-4847-B76B-9509D3903863}.Debug|Any CPU.Build.0 = Debug|Any CPU
		{7B806775-EA6C-4847-B76B-9509D3903863}.Release|Any CPU.ActiveCfg = Release|Any CPU
		{7B806775-EA6C-4847-B76B-9509D3903863}.Release|Any CPU.Build.0 = Release|Any CPU
		{F62E66BF-638E-4DE5-911D-E6BD9CB1653B}.Debug|Any CPU.ActiveCfg = Debug|Any CPU
		{F62E66BF-638E-4DE5-911D-E6BD9CB1653B}.Debug|Any CPU.Build.0 = Debug|Any CPU
		{F62E66BF-638E-4DE5-911D-E6BD9CB1653B}.Release|Any CPU.ActiveCfg = Release|Any CPU
		{F62E66BF-638E-4DE5-911D-E6BD9CB1653B}.Release|Any CPU.Build.0 = Release|Any CPU
		{A276A75F-4B0D-457C-B779-737D53826048}.Debug|Any CPU.ActiveCfg = Debug|Any CPU
		{A276A75F-4B0D-457C-B779-737D53826048}.Debug|Any CPU.Build.0 = Debug|Any CPU
		{A276A75F-4B0D-457C-B779-737D53826048}.Release|Any CPU.ActiveCfg = Release|Any CPU
		{A276A75F-4B0D-457C-B779-737D53826048}.Release|Any CPU.Build.0 = Release|Any CPU
		{BD781A60-7D63-407B-AE75-3E2DEAC76D01}.Debug|Any CPU.ActiveCfg = Debug|Any CPU
		{BD781A60-7D63-407B-AE75-3E2DEAC76D01}.Debug|Any CPU.Build.0 = Debug|Any CPU
		{BD781A60-7D63-407B-AE75-3E2DEAC76D01}.Release|Any CPU.ActiveCfg = Release|Any CPU
		{BD781A60-7D63-407B-AE75-3E2DEAC76D01}.Release|Any CPU.Build.0 = Release|Any CPU
	EndGlobalSection
	GlobalSection(SolutionProperties) = preSolution
		HideSolutionNode = FALSE
	EndGlobalSection
EndGlobal
